
Microsoft Visual Studio Solution File, Format Version 12.00
Project("{FAE04EC0-301F-11D3-BF4B-00C04F79EFBC}") = "InfinityChat", "InfinityChat\InfinityChat.csproj", "{EDE1E954-04E9-4FDF-9E03-405D765FA0CD}"
EndProject
Global
	GlobalSection(SolutionConfigurationPlatforms) = preSolution
		Debug|Any CPU = Debug|Any CPU
		Release|Any CPU = Release|Any CPU
	EndGlobalSection
	GlobalSection(ProjectConfigurationPlatforms) = postSolution
		{EDE1E954-04E9-4FDF-9E03-405D765FA0CD}.Debug|Any CPU.ActiveCfg = Debug|Any CPU
		{EDE1E954-04E9-4FDF-9E03-405D765FA0CD}.Debug|Any CPU.Build.0 = Debug|Any CPU
		{EDE1E954-04E9-4FDF-9E03-405D765FA0CD}.Release|Any CPU.ActiveCfg = Release|Any CPU
		{EDE1E954-04E9-4FDF-9E03-405D765FA0CD}.Release|Any CPU.Build.0 = Release|Any CPU
	EndGlobalSection
EndGlobal
